
Microsoft Visual Studio Solution File, Format Version 12.00
# Visual Studio Version 17
VisualStudioVersion = 17.4.33020.496
MinimumVisualStudioVersion = 10.0.40219.1
Project("{9A19103F-16F7-4668-BE54-9A1E7A4F7556}") = "Masa.Docs.Server", "Masa.Docs.Server\Masa.Docs.Server.csproj", "{95E27B89-D332-4466-9680-210A496A8602}"
EndProject
Project("{9A19103F-16F7-4668-BE54-9A1E7A4F7556}") = "Masa.Docs.Shared", "Masa.Docs.Shared\Masa.Docs.Shared.csproj", "{89005279-9CB7-41CF-AC17-2062CE02C87C}"
EndProject
Project("{9A19103F-16F7-4668-BE54-9A1E7A4F7556}") = "BlazorComponent", "..\github\MASA.Blazor\src\BlazorComponent\src\Component\BlazorComponent\BlazorComponent.csproj", "{9A40E528-10BD-4DBE-9BE9-12DE80FEED69}"
EndProject
Project("{9A19103F-16F7-4668-BE54-9A1E7A4F7556}") = "Masa.Blazor", "..\github\MASA.Blazor\src\Masa.Blazor\Masa.Blazor.csproj", "{0C44A904-7FCB-42F7-9921-D08F84244B7D}"
EndProject
Global
	GlobalSection(SolutionConfigurationPlatforms) = preSolution
		Debug|Any CPU = Debug|Any CPU
		Release|Any CPU = Release|Any CPU
	EndGlobalSection
	GlobalSection(ProjectConfigurationPlatforms) = postSolution
		{95E27B89-D332-4466-9680-210A496A8602}.Debug|Any CPU.ActiveCfg = Debug|Any CPU
		{95E27B89-D332-4466-9680-210A496A8602}.Debug|Any CPU.Build.0 = Debug|Any CPU
		{95E27B89-D332-4466-9680-210A496A8602}.Release|Any CPU.ActiveCfg = Release|Any CPU
		{95E27B89-D332-4466-9680-210A496A8602}.Release|Any CPU.Build.0 = Release|Any CPU
		{89005279-9CB7-41CF-AC17-2062CE02C87C}.Debug|Any CPU.ActiveCfg = Debug|Any CPU
		{89005279-9CB7-41CF-AC17-2062CE02C87C}.Debug|Any CPU.Build.0 = Debug|Any CPU
		{89005279-9CB7-41CF-AC17-2062CE02C87C}.Release|Any CPU.ActiveCfg = Release|Any CPU
		{89005279-9CB7-41CF-AC17-2062CE02C87C}.Release|Any CPU.Build.0 = Release|Any CPU
		{9A40E528-10BD-4DBE-9BE9-12DE80FEED69}.Debug|Any CPU.ActiveCfg = Debug|Any CPU
		{9A40E528-10BD-4DBE-9BE9-12DE80FEED69}.Debug|Any CPU.Build.0 = Debug|Any CPU
		{9A40E528-10BD-4DBE-9BE9-12DE80FEED69}.Release|Any CPU.ActiveCfg = Release|Any CPU
		{9A40E528-10BD-4DBE-9BE9-12DE80FEED69}.Release|Any CPU.Build.0 = Release|Any CPU
		{0C44A904-7FCB-42F7-9921-D08F84244B7D}.Debug|Any CPU.ActiveCfg = Debug|Any CPU
		{0C44A904-7FCB-42F7-9921-D08F84244B7D}.Debug|Any CPU.Build.0 = Debug|Any CPU
		{0C44A904-7FCB-42F7-9921-D08F84244B7D}.Release|Any CPU.ActiveCfg = Release|Any CPU
		{0C44A904-7FCB-42F7-9921-D08F84244B7D}.Release|Any CPU.Build.0 = Release|Any CPU
	EndGlobalSection
	GlobalSection(SolutionProperties) = preSolution
		HideSolutionNode = FALSE
	EndGlobalSection
	GlobalSection(ExtensibilityGlobals) = postSolution
		SolutionGuid = {D31E2B71-9BB2-4A9F-9319-FB9D148CD598}
	EndGlobalSection
EndGlobal
