
Microsoft Visual Studio Solution File, Format Version 12.00
# Visual Studio Version 17
VisualStudioVersion = 17.4.33020.496
MinimumVisualStudioVersion = 10.0.40219.1
Project("{9A19103F-16F7-4668-BE54-9A1E7A4F7556}") = "Masa.Docs.Server", "Masa.Docs.Server\Masa.Docs.Server.csproj", "{95E27B89-D332-4466-9680-210A496A8602}"
EndProject
Project("{9A19103F-16F7-4668-BE54-9A1E7A4F7556}") = "Masa.Docs.Shared", "Masa.Docs.Shared\Masa.Docs.Shared.csproj", "{89005279-9CB7-41CF-AC17-2062CE02C87C}"
EndProject
Project("{9A19103F-16F7-4668-BE54-9A1E7A4F7556}") = "Masa.Blazor", "..\..\..\..\MASA.Blazor\src\Masa.Blazor\Masa.Blazor.csproj", "{67209AFE-A56D-46AB-81CA-0BBF90C29165}"
EndProject
Project("{9A19103F-16F7-4668-BE54-9A1E7A4F7556}") = "BlazorComponent", "..\..\..\..\MASA.Blazor\src\BlazorComponent\src\Component\BlazorComponent\BlazorComponent.csproj", "{4F1E7052-ACCC-4F1D-B7BA-A149590E2025}"
EndProject
Global
	GlobalSection(SolutionConfigurationPlatforms) = preSolution
		Debug|Any CPU = Debug|Any CPU
		Release|Any CPU = Release|Any CPU
	EndGlobalSection
	GlobalSection(ProjectConfigurationPlatforms) = postSolution
		{95E27B89-D332-4466-9680-210A496A8602}.Debug|Any CPU.ActiveCfg = Debug|Any CPU
		{95E27B89-D332-4466-9680-210A496A8602}.Debug|Any CPU.Build.0 = Debug|Any CPU
		{95E27B89-D332-4466-9680-210A496A8602}.Release|Any CPU.ActiveCfg = Release|Any CPU
		{95E27B89-D332-4466-9680-210A496A8602}.Release|Any CPU.Build.0 = Release|Any CPU
		{89005279-9CB7-41CF-AC17-2062CE02C87C}.Debug|Any CPU.ActiveCfg = Debug|Any CPU
		{89005279-9CB7-41CF-AC17-2062CE02C87C}.Debug|Any CPU.Build.0 = Debug|Any CPU
		{89005279-9CB7-41CF-AC17-2062CE02C87C}.Release|Any CPU.ActiveCfg = Release|Any CPU
		{89005279-9CB7-41CF-AC17-2062CE02C87C}.Release|Any CPU.Build.0 = Release|Any CPU
		{67209AFE-A56D-46AB-81CA-0BBF90C29165}.Debug|Any CPU.ActiveCfg = Debug|Any CPU
		{67209AFE-A56D-46AB-81CA-0BBF90C29165}.Debug|Any CPU.Build.0 = Debug|Any CPU
		{67209AFE-A56D-46AB-81CA-0BBF90C29165}.Release|Any CPU.ActiveCfg = Release|Any CPU
		{67209AFE-A56D-46AB-81CA-0BBF90C29165}.Release|Any CPU.Build.0 = Release|Any CPU
		{4F1E7052-ACCC-4F1D-B7BA-A149590E2025}.Debug|Any CPU.ActiveCfg = Debug|Any CPU
		{4F1E7052-ACCC-4F1D-B7BA-A149590E2025}.Debug|Any CPU.Build.0 = Debug|Any CPU
		{4F1E7052-ACCC-4F1D-B7BA-A149590E2025}.Release|Any CPU.ActiveCfg = Release|Any CPU
		{4F1E7052-ACCC-4F1D-B7BA-A149590E2025}.Release|Any CPU.Build.0 = Release|Any CPU
	EndGlobalSection
	GlobalSection(SolutionProperties) = preSolution
		HideSolutionNode = FALSE
	EndGlobalSection
	GlobalSection(ExtensibilityGlobals) = postSolution
		SolutionGuid = {D31E2B71-9BB2-4A9F-9319-FB9D148CD598}
	EndGlobalSection
EndGlobal
